
Microsoft Visual Studio Solution File, Format Version 12.00
# Visual Studio Version 17
VisualStudioVersion = 17.9.34616.47
MinimumVisualStudioVersion = 10.0.40219.1
Project("{9A19103F-16F7-4668-BE54-9A1E7A4F7556}") = "DWEB_NET", "DWEB_NET.csproj", "{406F8310-A846-4406-85CB-5C5F174AF961}"
EndProject
Global
	GlobalSection(SolutionConfigurationPlatforms) = preSolution
		Debug|Any CPU = Debug|Any CPU
		Release|Any CPU = Release|Any CPU
	EndGlobalSection
	GlobalSection(ProjectConfigurationPlatforms) = postSolution
		{406F8310-A846-4406-85CB-5C5F174AF961}.Debug|Any CPU.ActiveCfg = Debug|Any CPU
		{406F8310-A846-4406-85CB-5C5F174AF961}.Debug|Any CPU.Build.0 = Debug|Any CPU
		{406F8310-A846-4406-85CB-5C5F174AF961}.Release|Any CPU.ActiveCfg = Release|Any CPU
		{406F8310-A846-4406-85CB-5C5F174AF961}.Release|Any CPU.Build.0 = Release|Any CPU
	EndGlobalSection
	GlobalSection(SolutionProperties) = preSolution
		HideSolutionNode = FALSE
	EndGlobalSection
	GlobalSection(ExtensibilityGlobals) = postSolution
		SolutionGuid = {C77AD36C-65C6-445F-A66D-FA6A0DEA9608}
	EndGlobalSection
EndGlobal
