
Microsoft Visual Studio Solution File, Format Version 12.00
# Visual Studio Version 17
VisualStudioVersion = 17.9.34728.123
MinimumVisualStudioVersion = 10.0.40219.1
Project("{FAE04EC0-301F-11D3-BF4B-00C04F79EFBC}") = "DWEB", "DWEB\DWEB.csproj", "{5130AB9E-8D0E-411C-8ED6-0B8EF9F9C90E}"
EndProject
Global
	GlobalSection(SolutionConfigurationPlatforms) = preSolution
		Debug|Any CPU = Debug|Any CPU
		Release|Any CPU = Release|Any CPU
	EndGlobalSection
	GlobalSection(ProjectConfigurationPlatforms) = postSolution
		{5130AB9E-8D0E-411C-8ED6-0B8EF9F9C90E}.Debug|Any CPU.ActiveCfg = Debug|Any CPU
		{5130AB9E-8D0E-411C-8ED6-0B8EF9F9C90E}.Debug|Any CPU.Build.0 = Debug|Any CPU
		{5130AB9E-8D0E-411C-8ED6-0B8EF9F9C90E}.Release|Any CPU.ActiveCfg = Release|Any CPU
		{5130AB9E-8D0E-411C-8ED6-0B8EF9F9C90E}.Release|Any CPU.Build.0 = Release|Any CPU
	EndGlobalSection
	GlobalSection(SolutionProperties) = preSolution
		HideSolutionNode = FALSE
	EndGlobalSection
	GlobalSection(ExtensibilityGlobals) = postSolution
		SolutionGuid = {406A1B23-D861-4256-8F11-99CA9D84D16A}
	EndGlobalSection
EndGlobal
